
Microsoft Visual Studio Solution File, Format Version 12.00
# Visual Studio Version 17
VisualStudioVersion = 17.0.32112.339
MinimumVisualStudioVersion = 10.0.40219.1
Project("{9A19103F-16F7-4668-BE54-9A1E7A4F7556}") = "Mastersign.AutoForm", "Mastersign.AutoForm\Mastersign.AutoForm.csproj", "{E91CD831-4D21-408F-A090-0BB6914A67AE}"
EndProject
Project("{B7DD6F7E-DEF8-4E67-B5B7-07EF123DB6F0}") = "SetupProject", "SetupProject\SetupProject.wixproj", "{375F3F94-6CDA-40B7-B2C4-921FEF0C3B22}"
EndProject
Global
	GlobalSection(SolutionConfigurationPlatforms) = preSolution
		Debug|Any CPU = Debug|Any CPU
		Debug|ARM64 = Debug|ARM64
		Debug|x64 = Debug|x64
		Debug|x86 = Debug|x86
		Release|Any CPU = Release|Any CPU
		Release|ARM64 = Release|ARM64
		Release|x64 = Release|x64
		Release|x86 = Release|x86
	EndGlobalSection
	GlobalSection(ProjectConfigurationPlatforms) = postSolution
		{E91CD831-4D21-408F-A090-0BB6914A67AE}.Debug|Any CPU.ActiveCfg = Debug|Any CPU
		{E91CD831-4D21-408F-A090-0BB6914A67AE}.Debug|Any CPU.Build.0 = Debug|Any CPU
		{E91CD831-4D21-408F-A090-0BB6914A67AE}.Debug|ARM64.ActiveCfg = Debug|Any CPU
		{E91CD831-4D21-408F-A090-0BB6914A67AE}.Debug|ARM64.Build.0 = Debug|Any CPU
		{E91CD831-4D21-408F-A090-0BB6914A67AE}.Debug|x64.ActiveCfg = Debug|Any CPU
		{E91CD831-4D21-408F-A090-0BB6914A67AE}.Debug|x64.Build.0 = Debug|Any CPU
		{E91CD831-4D21-408F-A090-0BB6914A67AE}.Debug|x86.ActiveCfg = Debug|Any CPU
		{E91CD831-4D21-408F-A090-0BB6914A67AE}.Debug|x86.Build.0 = Debug|Any CPU
		{E91CD831-4D21-408F-A090-0BB6914A67AE}.Release|Any CPU.ActiveCfg = Release|Any CPU
		{E91CD831-4D21-408F-A090-0BB6914A67AE}.Release|Any CPU.Build.0 = Release|Any CPU
		{E91CD831-4D21-408F-A090-0BB6914A67AE}.Release|ARM64.ActiveCfg = Release|Any CPU
		{E91CD831-4D21-408F-A090-0BB6914A67AE}.Release|ARM64.Build.0 = Release|Any CPU
		{E91CD831-4D21-408F-A090-0BB6914A67AE}.Release|x64.ActiveCfg = Release|Any CPU
		{E91CD831-4D21-408F-A090-0BB6914A67AE}.Release|x64.Build.0 = Release|Any CPU
		{E91CD831-4D21-408F-A090-0BB6914A67AE}.Release|x86.ActiveCfg = Release|Any CPU
		{E91CD831-4D21-408F-A090-0BB6914A67AE}.Release|x86.Build.0 = Release|Any CPU
		{375F3F94-6CDA-40B7-B2C4-921FEF0C3B22}.Debug|Any CPU.ActiveCfg = Debug|x64
		{375F3F94-6CDA-40B7-B2C4-921FEF0C3B22}.Debug|Any CPU.Build.0 = Debug|x64
		{375F3F94-6CDA-40B7-B2C4-921FEF0C3B22}.Debug|ARM64.ActiveCfg = Debug|ARM64
		{375F3F94-6CDA-40B7-B2C4-921FEF0C3B22}.Debug|ARM64.Build.0 = Debug|ARM64
		{375F3F94-6CDA-40B7-B2C4-921FEF0C3B22}.Debug|x64.ActiveCfg = Debug|x64
		{375F3F94-6CDA-40B7-B2C4-921FEF0C3B22}.Debug|x64.Build.0 = Debug|x64
		{375F3F94-6CDA-40B7-B2C4-921FEF0C3B22}.Debug|x86.ActiveCfg = Debug|x86
		{375F3F94-6CDA-40B7-B2C4-921FEF0C3B22}.Debug|x86.Build.0 = Debug|x86
		{375F3F94-6CDA-40B7-B2C4-921FEF0C3B22}.Release|Any CPU.ActiveCfg = Release|x64
		{375F3F94-6CDA-40B7-B2C4-921FEF0C3B22}.Release|Any CPU.Build.0 = Release|x64
		{375F3F94-6CDA-40B7-B2C4-921FEF0C3B22}.Release|ARM64.ActiveCfg = Release|ARM64
		{375F3F94-6CDA-40B7-B2C4-921FEF0C3B22}.Release|ARM64.Build.0 = Release|ARM64
		{375F3F94-6CDA-40B7-B2C4-921FEF0C3B22}.Release|x64.ActiveCfg = Release|x64
		{375F3F94-6CDA-40B7-B2C4-921FEF0C3B22}.Release|x64.Build.0 = Release|x64
		{375F3F94-6CDA-40B7-B2C4-921FEF0C3B22}.Release|x86.ActiveCfg = Release|x86
		{375F3F94-6CDA-40B7-B2C4-921FEF0C3B22}.Release|x86.Build.0 = Release|x86
	EndGlobalSection
	GlobalSection(SolutionProperties) = preSolution
		HideSolutionNode = FALSE
	EndGlobalSection
	GlobalSection(ExtensibilityGlobals) = postSolution
		SolutionGuid = {B5D65B8C-B947-4C02-9988-5F8ED5EB3ADA}
	EndGlobalSection
EndGlobal
